
Microsoft Visual Studio Solution File, Format Version 12.00
# Visual Studio Version 17
VisualStudioVersion = 17.9.34723.18
MinimumVisualStudioVersion = 10.0.40219.1
Project("{FAE04EC0-301F-11D3-BF4B-00C04F79EFBC}") = "CslaIServiceProviderDisposedException", "CslaIServiceProviderDisposedException.csproj", "{A7D0F2D7-33C1-4F31-8D38-5760E807CBC1}"
EndProject
Global
	GlobalSection(SolutionConfigurationPlatforms) = preSolution
		Debug|Any CPU = Debug|Any CPU
		Release|Any CPU = Release|Any CPU
	EndGlobalSection
	GlobalSection(ProjectConfigurationPlatforms) = postSolution
		{A7D0F2D7-33C1-4F31-8D38-5760E807CBC1}.Debug|Any CPU.ActiveCfg = Debug|Any CPU
		{A7D0F2D7-33C1-4F31-8D38-5760E807CBC1}.Debug|Any CPU.Build.0 = Debug|Any CPU
		{A7D0F2D7-33C1-4F31-8D38-5760E807CBC1}.Release|Any CPU.ActiveCfg = Release|Any CPU
		{A7D0F2D7-33C1-4F31-8D38-5760E807CBC1}.Release|Any CPU.Build.0 = Release|Any CPU
	EndGlobalSection
	GlobalSection(SolutionProperties) = preSolution
		HideSolutionNode = FALSE
	EndGlobalSection
	GlobalSection(ExtensibilityGlobals) = postSolution
		SolutionGuid = {9CAE8A40-85E2-47A9-966E-CBDB746F0E7F}
	EndGlobalSection
EndGlobal
